
Microsoft Visual Studio Solution File, Format Version 12.00
Project("{FAE04EC0-301F-11D3-BF4B-00C04F79EFBC}") = "T-Denemeler", "T-Denemeler\T-Denemeler.csproj", "{945A4695-FB09-40FE-8E44-283FE807A90D}"
EndProject
Global
	GlobalSection(SolutionConfigurationPlatforms) = preSolution
		Debug|Any CPU = Debug|Any CPU
		Release|Any CPU = Release|Any CPU
	EndGlobalSection
	GlobalSection(ProjectConfigurationPlatforms) = postSolution
		{945A4695-FB09-40FE-8E44-283FE807A90D}.Debug|Any CPU.ActiveCfg = Debug|Any CPU
		{945A4695-FB09-40FE-8E44-283FE807A90D}.Debug|Any CPU.Build.0 = Debug|Any CPU
		{945A4695-FB09-40FE-8E44-283FE807A90D}.Release|Any CPU.ActiveCfg = Release|Any CPU
		{945A4695-FB09-40FE-8E44-283FE807A90D}.Release|Any CPU.Build.0 = Release|Any CPU
	EndGlobalSection
EndGlobal
